
Microsoft Visual Studio Solution File, Format Version 12.00
# Visual Studio Version 16
VisualStudioVersion = 16.0.29519.87
MinimumVisualStudioVersion = 10.0.40219.1
Project("{9A19103F-16F7-4668-BE54-9A1E7A4F7556}") = "MiniIndex", "MiniIndex\MiniIndex.csproj", "{8FC22772-5E11-4534-A73D-565A2245E05A}"
EndProject
Project("{9A19103F-16F7-4668-BE54-9A1E7A4F7556}") = "MiniIndex.Core", "MiniIndex.Core\MiniIndex.Core.csproj", "{B1439F79-634B-4E03-A7FF-F9E745A290D2}"
EndProject
Project("{9A19103F-16F7-4668-BE54-9A1E7A4F7556}") = "MiniIndex.Models", "MiniIndex.Models\MiniIndex.Models.csproj", "{C03D37E2-E33A-4836-8A64-0301C1FF22D0}"
EndProject
Project("{9A19103F-16F7-4668-BE54-9A1E7A4F7556}") = "MiniIndex.Persistence", "MiniIndex.Persistence\MiniIndex.Persistence.csproj", "{8C769CBA-3FA9-4179-A59B-713D08238FFC}"
EndProject
Project("{9A19103F-16F7-4668-BE54-9A1E7A4F7556}") = "MiniIndex.DiscordBot", "MiniIndex.DiscordBot\MiniIndex.DiscordBot.csproj", "{606C6825-8D45-44FA-A928-0DE356B02067}"
EndProject
Project("{888888A0-9F3D-457C-B088-3A5042F75D52}") = "MiniIndex.Reddit", "MiniIndex.Reddit\MiniIndex.Reddit.pyproj", "{7248F308-1010-4D43-8C6B-0BB752AE2BE3}"
EndProject
Global
	GlobalSection(SolutionConfigurationPlatforms) = preSolution
		Debug|Any CPU = Debug|Any CPU
		Release|Any CPU = Release|Any CPU
	EndGlobalSection
	GlobalSection(ProjectConfigurationPlatforms) = postSolution
		{8FC22772-5E11-4534-A73D-565A2245E05A}.Debug|Any CPU.ActiveCfg = Debug|Any CPU
		{8FC22772-5E11-4534-A73D-565A2245E05A}.Debug|Any CPU.Build.0 = Debug|Any CPU
		{8FC22772-5E11-4534-A73D-565A2245E05A}.Release|Any CPU.ActiveCfg = Release|Any CPU
		{8FC22772-5E11-4534-A73D-565A2245E05A}.Release|Any CPU.Build.0 = Release|Any CPU
		{B1439F79-634B-4E03-A7FF-F9E745A290D2}.Debug|Any CPU.ActiveCfg = Debug|Any CPU
		{B1439F79-634B-4E03-A7FF-F9E745A290D2}.Debug|Any CPU.Build.0 = Debug|Any CPU
		{B1439F79-634B-4E03-A7FF-F9E745A290D2}.Release|Any CPU.ActiveCfg = Release|Any CPU
		{B1439F79-634B-4E03-A7FF-F9E745A290D2}.Release|Any CPU.Build.0 = Release|Any CPU
		{C03D37E2-E33A-4836-8A64-0301C1FF22D0}.Debug|Any CPU.ActiveCfg = Debug|Any CPU
		{C03D37E2-E33A-4836-8A64-0301C1FF22D0}.Debug|Any CPU.Build.0 = Debug|Any CPU
		{C03D37E2-E33A-4836-8A64-0301C1FF22D0}.Release|Any CPU.ActiveCfg = Release|Any CPU
		{C03D37E2-E33A-4836-8A64-0301C1FF22D0}.Release|Any CPU.Build.0 = Release|Any CPU
		{8C769CBA-3FA9-4179-A59B-713D08238FFC}.Debug|Any CPU.ActiveCfg = Debug|Any CPU
		{8C769CBA-3FA9-4179-A59B-713D08238FFC}.Debug|Any CPU.Build.0 = Debug|Any CPU
		{8C769CBA-3FA9-4179-A59B-713D08238FFC}.Release|Any CPU.ActiveCfg = Release|Any CPU
		{8C769CBA-3FA9-4179-A59B-713D08238FFC}.Release|Any CPU.Build.0 = Release|Any CPU
		{606C6825-8D45-44FA-A928-0DE356B02067}.Debug|Any CPU.ActiveCfg = Debug|Any CPU
		{606C6825-8D45-44FA-A928-0DE356B02067}.Debug|Any CPU.Build.0 = Debug|Any CPU
		{606C6825-8D45-44FA-A928-0DE356B02067}.Release|Any CPU.ActiveCfg = Release|Any CPU
		{606C6825-8D45-44FA-A928-0DE356B02067}.Release|Any CPU.Build.0 = Release|Any CPU
		{7248F308-1010-4D43-8C6B-0BB752AE2BE3}.Debug|Any CPU.ActiveCfg = Debug|Any CPU
		{7248F308-1010-4D43-8C6B-0BB752AE2BE3}.Release|Any CPU.ActiveCfg = Release|Any CPU
	EndGlobalSection
	GlobalSection(SolutionProperties) = preSolution
		HideSolutionNode = FALSE
	EndGlobalSection
	GlobalSection(ExtensibilityGlobals) = postSolution
		SolutionGuid = {C6B9316A-A1F6-4023-A403-CF5DDDE2077E}
	EndGlobalSection
EndGlobal
