
Microsoft Visual Studio Solution File, Format Version 12.00
# Visual Studio Version 17
VisualStudioVersion = 17.0.31612.314
MinimumVisualStudioVersion = 10.0.40219.1
Project("{9A19103F-16F7-4668-BE54-9A1E7A4F7556}") = "MiniIndex", "MiniIndex\MiniIndex.csproj", "{8FC22772-5E11-4534-A73D-565A2245E05A}"
EndProject
Project("{9A19103F-16F7-4668-BE54-9A1E7A4F7556}") = "MiniIndex.Core", "MiniIndex.Core\MiniIndex.Core.csproj", "{B1439F79-634B-4E03-A7FF-F9E745A290D2}"
EndProject
Project("{9A19103F-16F7-4668-BE54-9A1E7A4F7556}") = "MiniIndex.Models", "MiniIndex.Models\MiniIndex.Models.csproj", "{C03D37E2-E33A-4836-8A64-0301C1FF22D0}"
EndProject
Project("{9A19103F-16F7-4668-BE54-9A1E7A4F7556}") = "MiniIndex.Persistence", "MiniIndex.Persistence\MiniIndex.Persistence.csproj", "{8C769CBA-3FA9-4179-A59B-713D08238FFC}"
EndProject
Project("{9A19103F-16F7-4668-BE54-9A1E7A4F7556}") = "MiniIndex.API", "MiniIndex.API\MiniIndex.API.csproj", "{9FDDEA10-E47B-4D79-8680-60A50CC02AE1}"
EndProject
Global
	GlobalSection(SolutionConfigurationPlatforms) = preSolution
		Debug|Any CPU = Debug|Any CPU
		Release|Any CPU = Release|Any CPU
	EndGlobalSection
	GlobalSection(ProjectConfigurationPlatforms) = postSolution
		{8FC22772-5E11-4534-A73D-565A2245E05A}.Debug|Any CPU.ActiveCfg = Debug|Any CPU
		{8FC22772-5E11-4534-A73D-565A2245E05A}.Debug|Any CPU.Build.0 = Debug|Any CPU
		{8FC22772-5E11-4534-A73D-565A2245E05A}.Release|Any CPU.ActiveCfg = Release|Any CPU
		{8FC22772-5E11-4534-A73D-565A2245E05A}.Release|Any CPU.Build.0 = Release|Any CPU
		{B1439F79-634B-4E03-A7FF-F9E745A290D2}.Debug|Any CPU.ActiveCfg = Debug|Any CPU
		{B1439F79-634B-4E03-A7FF-F9E745A290D2}.Debug|Any CPU.Build.0 = Debug|Any CPU
		{B1439F79-634B-4E03-A7FF-F9E745A290D2}.Release|Any CPU.ActiveCfg = Release|Any CPU
		{B1439F79-634B-4E03-A7FF-F9E745A290D2}.Release|Any CPU.Build.0 = Release|Any CPU
		{C03D37E2-E33A-4836-8A64-0301C1FF22D0}.Debug|Any CPU.ActiveCfg = Debug|Any CPU
		{C03D37E2-E33A-4836-8A64-0301C1FF22D0}.Debug|Any CPU.Build.0 = Debug|Any CPU
		{C03D37E2-E33A-4836-8A64-0301C1FF22D0}.Release|Any CPU.ActiveCfg = Release|Any CPU
		{C03D37E2-E33A-4836-8A64-0301C1FF22D0}.Release|Any CPU.Build.0 = Release|Any CPU
		{8C769CBA-3FA9-4179-A59B-713D08238FFC}.Debug|Any CPU.ActiveCfg = Debug|Any CPU
		{8C769CBA-3FA9-4179-A59B-713D08238FFC}.Debug|Any CPU.Build.0 = Debug|Any CPU
		{8C769CBA-3FA9-4179-A59B-713D08238FFC}.Release|Any CPU.ActiveCfg = Release|Any CPU
		{8C769CBA-3FA9-4179-A59B-713D08238FFC}.Release|Any CPU.Build.0 = Release|Any CPU
		{9FDDEA10-E47B-4D79-8680-60A50CC02AE1}.Debug|Any CPU.ActiveCfg = Debug|Any CPU
		{9FDDEA10-E47B-4D79-8680-60A50CC02AE1}.Debug|Any CPU.Build.0 = Debug|Any CPU
		{9FDDEA10-E47B-4D79-8680-60A50CC02AE1}.Release|Any CPU.ActiveCfg = Release|Any CPU
		{9FDDEA10-E47B-4D79-8680-60A50CC02AE1}.Release|Any CPU.Build.0 = Release|Any CPU
	EndGlobalSection
	GlobalSection(SolutionProperties) = preSolution
		HideSolutionNode = FALSE
	EndGlobalSection
	GlobalSection(ExtensibilityGlobals) = postSolution
		SolutionGuid = {C6B9316A-A1F6-4023-A403-CF5DDDE2077E}
	EndGlobalSection
EndGlobal
